<?xml version="1.0" encoding="utf-8"?>
<Project ToolsVersion="4.0" xmlns="http://schemas.microsoft.com/developer/msbuild/2003">
  <ItemGroup>
    <Filter Include="common">
      <UniqueIdentifier>{239c0dbe-aaa8-42e3-8a41-ae77dbfa5568}</UniqueIdentifier>
    </Filter>
    <Filter Include="src">
      <UniqueIdentifier>{f1c75191-2aa3-4860-90b9-47cc5022dbfc}</UniqueIdentifier>
    </Filter>
  </ItemGroup>
  <ItemGroup>
    <ClInclude Include="..\..\common\proto.h">
      <Filter>common</Filter>
    </ClInclude>
    <ClInclude Include="..\..\common\utils.h">
      <Filter>common</Filter>
    </ClInclude>
  </ItemGroup>
  <ItemGroup>
    <ClCompile Include="..\..\common\logger.cpp">
      <Filter>common</Filter>
    </ClCompile>
    <ClCompile Include="..\..\test\test.cpp" />
    <ClCompile Include="..\..\common\utils.cpp">
      <Filter>common</Filter>
    </ClCompile>
    <ClCompile Include="..\..\common\proto.cpp">
      <Filter>common</Filter>
    </ClCompile>
    <ClCompile Include="..\..\cache-clnt\cache_clnt.cpp">
      <Filter>src</Filter>
    </ClCompile>
    <ClCompile Include="..\..\cache-service\async_tcp_srv.cpp">
      <Filter>src</Filter>
    </ClCompile>
    <ClCompile Include="..\..\common\tcp_conn.cpp">
      <Filter>common</Filter>
    </ClCompile>
  </ItemGroup>
  <ItemGroup>
    <None Include="..\..\.clang-format" />
    <None Include="packages.config" />
  </ItemGroup>
</Project>